
Microsoft Visual Studio Solution File, Format Version 12.00
# Visual Studio Version 16
VisualStudioVersion = 16.0.30907.101
MinimumVisualStudioVersion = 10.0.40219.1
Project("{FAE04EC0-301F-11D3-BF4B-00C04F79EFBC}") = "TareaNorthWind", "TareaNorthWind\TareaNorthWind.csproj", "{1A251C06-7C40-495A-A39C-F3063ABB692F}"
EndProject
Global
	GlobalSection(SolutionConfigurationPlatforms) = preSolution
		Debug|Any CPU = Debug|Any CPU
		Release|Any CPU = Release|Any CPU
	EndGlobalSection
	GlobalSection(ProjectConfigurationPlatforms) = postSolution
		{1A251C06-7C40-495A-A39C-F3063ABB692F}.Debug|Any CPU.ActiveCfg = Debug|Any CPU
		{1A251C06-7C40-495A-A39C-F3063ABB692F}.Debug|Any CPU.Build.0 = Debug|Any CPU
		{1A251C06-7C40-495A-A39C-F3063ABB692F}.Release|Any CPU.ActiveCfg = Release|Any CPU
		{1A251C06-7C40-495A-A39C-F3063ABB692F}.Release|Any CPU.Build.0 = Release|Any CPU
	EndGlobalSection
	GlobalSection(SolutionProperties) = preSolution
		HideSolutionNode = FALSE
	EndGlobalSection
	GlobalSection(ExtensibilityGlobals) = postSolution
		SolutionGuid = {A412673E-EE4A-432E-874D-126EF91A711D}
	EndGlobalSection
EndGlobal
